
Microsoft Visual Studio Solution File, Format Version 12.00
# Visual Studio Version 17
VisualStudioVersion = 17.10.34916.146
MinimumVisualStudioVersion = 10.0.40219.1
Project("{2150E333-8FDC-42A3-9474-1A3956D46DE8}") = "source", "source", "{D3EABEA8-1990-40D8-9932-8765F5699BC2}"
EndProject
Project("{2150E333-8FDC-42A3-9474-1A3956D46DE8}") = "services", "services", "{5199638F-4E09-4EA0-B099-0A247386305D}"
EndProject
Project("{2150E333-8FDC-42A3-9474-1A3956D46DE8}") = "catalog", "catalog", "{80EF95AF-D9D3-489D-BF9D-7765C9285E16}"
EndProject
Project("{9A19103F-16F7-4668-BE54-9A1E7A4F7556}") = "Catalog.Api", "services\catalog\Catalog.Api\Catalog.Api.csproj", "{7214EEE6-4DCF-4316-8E1C-989322A8B778}"
EndProject
Project("{2150E333-8FDC-42A3-9474-1A3956D46DE8}") = "BuildingBlocks", "BuildingBlocks", "{2D13F921-433F-47C4-B27F-F3D53D37B3E1}"
EndProject
Project("{9A19103F-16F7-4668-BE54-9A1E7A4F7556}") = "buildingblocks", "buildingblocks\buildingblocks\buildingblocks.csproj", "{21FCD3B2-97A7-4E81-A9A5-E610B612B291}"
EndProject
Project("{E53339B2-1760-4266-BCC7-CA923CBCF16C}") = "docker-compose", "docker-compose.dcproj", "{3D0ECF37-80F1-4BE0-BC9D-1B4B17E3ACC6}"
EndProject
Project("{2150E333-8FDC-42A3-9474-1A3956D46DE8}") = "basket", "basket", "{A14C1F69-8EF3-4966-977A-8F570F524C9E}"
EndProject
Project("{9A19103F-16F7-4668-BE54-9A1E7A4F7556}") = "Basket.Api", "services\basket\Basket.Api\Basket.Api.csproj", "{0C89618A-9DEF-4627-B3FB-0C9C2086A4C6}"
EndProject
Project("{2150E333-8FDC-42A3-9474-1A3956D46DE8}") = "discount", "discount", "{9B5FECE6-64B0-4F2E-A3DD-93D078916CEC}"
EndProject
Project("{9A19103F-16F7-4668-BE54-9A1E7A4F7556}") = "Discount.Grpc", "services\discount\Discount.Grpc\Discount.Grpc.csproj", "{90AF35AD-E241-449B-A65C-F09999CE33AE}"
EndProject
Project("{2150E333-8FDC-42A3-9474-1A3956D46DE8}") = "ordering", "ordering", "{532EDCDF-2937-4730-8239-F69ECCBF7653}"
EndProject
Project("{9A19103F-16F7-4668-BE54-9A1E7A4F7556}") = "Ordering.Api", "services\ordering\Ordering.Api\Ordering.Api.csproj", "{DE3AAD89-335A-4FC6-ABE0-ECA5D77B5ADF}"
EndProject
Project("{9A19103F-16F7-4668-BE54-9A1E7A4F7556}") = "Ordering.Domain", "services\ordering\Ordering.Domain\Ordering.Domain.csproj", "{6B4E3D9C-CFB8-4C31-BAA9-665A68F3A390}"
EndProject
Project("{9A19103F-16F7-4668-BE54-9A1E7A4F7556}") = "Ordering.Application", "services\ordering\Ordering.Application\Ordering.Application.csproj", "{E069C3F6-B1DE-40AF-8166-576031B7DB3C}"
EndProject
Project("{9A19103F-16F7-4668-BE54-9A1E7A4F7556}") = "Ordering.Infrastructure", "services\ordering\Ordering.Infrastructure\Ordering.Infrastructure.csproj", "{2904741C-ED31-4750-A49D-A80CE37CDDBA}"
EndProject
Project("{9A19103F-16F7-4668-BE54-9A1E7A4F7556}") = "buildingblocks.Messaging", "buildingblocks\buildingblocks.Messaging\buildingblocks.Messaging.csproj", "{B7F9DB8A-843E-49CF-BE47-3758F66EFEB9}"
EndProject
Project("{2150E333-8FDC-42A3-9474-1A3956D46DE8}") = "ApiGateways", "ApiGateways", "{EEE470D5-620C-4426-A789-77C671C04A77}"
EndProject
Project("{9A19103F-16F7-4668-BE54-9A1E7A4F7556}") = "EShop.Yarp.ApiGateway", "ApiGateways\EShop.Yarp.ApiGateway\EShop.Yarp.ApiGateway.csproj", "{73A258AB-FE8B-479E-B463-09DAC415E0A5}"
EndProject
Project("{2150E333-8FDC-42A3-9474-1A3956D46DE8}") = "WebApps", "WebApps", "{22041BE4-3F51-45A8-97BC-851527C844A0}"
EndProject
Project("{FAE04EC0-301F-11D3-BF4B-00C04F79EFBC}") = "Eshop.ClientWeb", "WebApps\Eshop.ClientWeb\Eshop.ClientWeb.csproj", "{34A9C14F-5E3C-4E11-B092-09BBF474C327}"
EndProject
Global
	GlobalSection(SolutionConfigurationPlatforms) = preSolution
		Debug|Any CPU = Debug|Any CPU
		Release|Any CPU = Release|Any CPU
	EndGlobalSection
	GlobalSection(ProjectConfigurationPlatforms) = postSolution
		{7214EEE6-4DCF-4316-8E1C-989322A8B778}.Debug|Any CPU.ActiveCfg = Debug|Any CPU
		{7214EEE6-4DCF-4316-8E1C-989322A8B778}.Debug|Any CPU.Build.0 = Debug|Any CPU
		{7214EEE6-4DCF-4316-8E1C-989322A8B778}.Release|Any CPU.ActiveCfg = Release|Any CPU
		{7214EEE6-4DCF-4316-8E1C-989322A8B778}.Release|Any CPU.Build.0 = Release|Any CPU
		{21FCD3B2-97A7-4E81-A9A5-E610B612B291}.Debug|Any CPU.ActiveCfg = Debug|Any CPU
		{21FCD3B2-97A7-4E81-A9A5-E610B612B291}.Debug|Any CPU.Build.0 = Debug|Any CPU
		{21FCD3B2-97A7-4E81-A9A5-E610B612B291}.Release|Any CPU.ActiveCfg = Release|Any CPU
		{21FCD3B2-97A7-4E81-A9A5-E610B612B291}.Release|Any CPU.Build.0 = Release|Any CPU
		{3D0ECF37-80F1-4BE0-BC9D-1B4B17E3ACC6}.Debug|Any CPU.ActiveCfg = Debug|Any CPU
		{3D0ECF37-80F1-4BE0-BC9D-1B4B17E3ACC6}.Debug|Any CPU.Build.0 = Debug|Any CPU
		{3D0ECF37-80F1-4BE0-BC9D-1B4B17E3ACC6}.Release|Any CPU.ActiveCfg = Release|Any CPU
		{3D0ECF37-80F1-4BE0-BC9D-1B4B17E3ACC6}.Release|Any CPU.Build.0 = Release|Any CPU
		{0C89618A-9DEF-4627-B3FB-0C9C2086A4C6}.Debug|Any CPU.ActiveCfg = Debug|Any CPU
		{0C89618A-9DEF-4627-B3FB-0C9C2086A4C6}.Debug|Any CPU.Build.0 = Debug|Any CPU
		{0C89618A-9DEF-4627-B3FB-0C9C2086A4C6}.Release|Any CPU.ActiveCfg = Release|Any CPU
		{0C89618A-9DEF-4627-B3FB-0C9C2086A4C6}.Release|Any CPU.Build.0 = Release|Any CPU
		{90AF35AD-E241-449B-A65C-F09999CE33AE}.Debug|Any CPU.ActiveCfg = Debug|Any CPU
		{90AF35AD-E241-449B-A65C-F09999CE33AE}.Debug|Any CPU.Build.0 = Debug|Any CPU
		{90AF35AD-E241-449B-A65C-F09999CE33AE}.Release|Any CPU.ActiveCfg = Release|Any CPU
		{90AF35AD-E241-449B-A65C-F09999CE33AE}.Release|Any CPU.Build.0 = Release|Any CPU
		{DE3AAD89-335A-4FC6-ABE0-ECA5D77B5ADF}.Debug|Any CPU.ActiveCfg = Debug|Any CPU
		{DE3AAD89-335A-4FC6-ABE0-ECA5D77B5ADF}.Debug|Any CPU.Build.0 = Debug|Any CPU
		{DE3AAD89-335A-4FC6-ABE0-ECA5D77B5ADF}.Release|Any CPU.ActiveCfg = Release|Any CPU
		{DE3AAD89-335A-4FC6-ABE0-ECA5D77B5ADF}.Release|Any CPU.Build.0 = Release|Any CPU
		{6B4E3D9C-CFB8-4C31-BAA9-665A68F3A390}.Debug|Any CPU.ActiveCfg = Debug|Any CPU
		{6B4E3D9C-CFB8-4C31-BAA9-665A68F3A390}.Debug|Any CPU.Build.0 = Debug|Any CPU
		{6B4E3D9C-CFB8-4C31-BAA9-665A68F3A390}.Release|Any CPU.ActiveCfg = Release|Any CPU
		{6B4E3D9C-CFB8-4C31-BAA9-665A68F3A390}.Release|Any CPU.Build.0 = Release|Any CPU
		{E069C3F6-B1DE-40AF-8166-576031B7DB3C}.Debug|Any CPU.ActiveCfg = Debug|Any CPU
		{E069C3F6-B1DE-40AF-8166-576031B7DB3C}.Debug|Any CPU.Build.0 = Debug|Any CPU
		{E069C3F6-B1DE-40AF-8166-576031B7DB3C}.Release|Any CPU.ActiveCfg = Release|Any CPU
		{E069C3F6-B1DE-40AF-8166-576031B7DB3C}.Release|Any CPU.Build.0 = Release|Any CPU
		{2904741C-ED31-4750-A49D-A80CE37CDDBA}.Debug|Any CPU.ActiveCfg = Debug|Any CPU
		{2904741C-ED31-4750-A49D-A80CE37CDDBA}.Debug|Any CPU.Build.0 = Debug|Any CPU
		{2904741C-ED31-4750-A49D-A80CE37CDDBA}.Release|Any CPU.ActiveCfg = Release|Any CPU
		{2904741C-ED31-4750-A49D-A80CE37CDDBA}.Release|Any CPU.Build.0 = Release|Any CPU
		{B7F9DB8A-843E-49CF-BE47-3758F66EFEB9}.Debug|Any CPU.ActiveCfg = Debug|Any CPU
		{B7F9DB8A-843E-49CF-BE47-3758F66EFEB9}.Debug|Any CPU.Build.0 = Debug|Any CPU
		{B7F9DB8A-843E-49CF-BE47-3758F66EFEB9}.Release|Any CPU.ActiveCfg = Release|Any CPU
		{B7F9DB8A-843E-49CF-BE47-3758F66EFEB9}.Release|Any CPU.Build.0 = Release|Any CPU
		{73A258AB-FE8B-479E-B463-09DAC415E0A5}.Debug|Any CPU.ActiveCfg = Debug|Any CPU
		{73A258AB-FE8B-479E-B463-09DAC415E0A5}.Debug|Any CPU.Build.0 = Debug|Any CPU
		{73A258AB-FE8B-479E-B463-09DAC415E0A5}.Release|Any CPU.ActiveCfg = Release|Any CPU
		{73A258AB-FE8B-479E-B463-09DAC415E0A5}.Release|Any CPU.Build.0 = Release|Any CPU
		{34A9C14F-5E3C-4E11-B092-09BBF474C327}.Debug|Any CPU.ActiveCfg = Debug|Any CPU
		{34A9C14F-5E3C-4E11-B092-09BBF474C327}.Debug|Any CPU.Build.0 = Debug|Any CPU
		{34A9C14F-5E3C-4E11-B092-09BBF474C327}.Release|Any CPU.ActiveCfg = Release|Any CPU
		{34A9C14F-5E3C-4E11-B092-09BBF474C327}.Release|Any CPU.Build.0 = Release|Any CPU
	EndGlobalSection
	GlobalSection(SolutionProperties) = preSolution
		HideSolutionNode = FALSE
	EndGlobalSection
	GlobalSection(NestedProjects) = preSolution
		{5199638F-4E09-4EA0-B099-0A247386305D} = {D3EABEA8-1990-40D8-9932-8765F5699BC2}
		{80EF95AF-D9D3-489D-BF9D-7765C9285E16} = {5199638F-4E09-4EA0-B099-0A247386305D}
		{7214EEE6-4DCF-4316-8E1C-989322A8B778} = {80EF95AF-D9D3-489D-BF9D-7765C9285E16}
		{2D13F921-433F-47C4-B27F-F3D53D37B3E1} = {D3EABEA8-1990-40D8-9932-8765F5699BC2}
		{21FCD3B2-97A7-4E81-A9A5-E610B612B291} = {2D13F921-433F-47C4-B27F-F3D53D37B3E1}
		{A14C1F69-8EF3-4966-977A-8F570F524C9E} = {5199638F-4E09-4EA0-B099-0A247386305D}
		{0C89618A-9DEF-4627-B3FB-0C9C2086A4C6} = {A14C1F69-8EF3-4966-977A-8F570F524C9E}
		{9B5FECE6-64B0-4F2E-A3DD-93D078916CEC} = {5199638F-4E09-4EA0-B099-0A247386305D}
		{90AF35AD-E241-449B-A65C-F09999CE33AE} = {9B5FECE6-64B0-4F2E-A3DD-93D078916CEC}
		{532EDCDF-2937-4730-8239-F69ECCBF7653} = {5199638F-4E09-4EA0-B099-0A247386305D}
		{DE3AAD89-335A-4FC6-ABE0-ECA5D77B5ADF} = {532EDCDF-2937-4730-8239-F69ECCBF7653}
		{6B4E3D9C-CFB8-4C31-BAA9-665A68F3A390} = {532EDCDF-2937-4730-8239-F69ECCBF7653}
		{E069C3F6-B1DE-40AF-8166-576031B7DB3C} = {532EDCDF-2937-4730-8239-F69ECCBF7653}
		{2904741C-ED31-4750-A49D-A80CE37CDDBA} = {532EDCDF-2937-4730-8239-F69ECCBF7653}
		{B7F9DB8A-843E-49CF-BE47-3758F66EFEB9} = {2D13F921-433F-47C4-B27F-F3D53D37B3E1}
		{EEE470D5-620C-4426-A789-77C671C04A77} = {D3EABEA8-1990-40D8-9932-8765F5699BC2}
		{73A258AB-FE8B-479E-B463-09DAC415E0A5} = {EEE470D5-620C-4426-A789-77C671C04A77}
		{22041BE4-3F51-45A8-97BC-851527C844A0} = {D3EABEA8-1990-40D8-9932-8765F5699BC2}
		{34A9C14F-5E3C-4E11-B092-09BBF474C327} = {22041BE4-3F51-45A8-97BC-851527C844A0}
	EndGlobalSection
	GlobalSection(ExtensibilityGlobals) = postSolution
		SolutionGuid = {AD1AA2CA-187D-44AE-956E-F69885762B8B}
	EndGlobalSection
EndGlobal
